# This file is automatically @generated by Cargo.
# It is not intended for manual editing.
version = 3

[[package]]
name = "atomics"
version = "0.1.0"

[[package]]
name = "day_2_threads"
version = "0.1.0"

[[package]]
name = "hello_thread"
version = "0.1.0"

[[package]]
name = "mutexes"
version = "0.1.0"

[[package]]
name = "once_cell"
version = "1.20.2"
source = "registry+https://github.com/rust-lang/crates.io-index"
checksum = "1261fe7e33c73b354eab43b1273a57c8f967d0391e80353e51f764ac02cf6775"

[[package]]
name = "read_write_locks"
version = "0.1.0"
dependencies = [
 "once_cell",
]

[[package]]
name = "scoped_threads"
version = "0.1.0"

[[package]]
name = "sum_the_vector"
version = "0.1.0"

[[package]]
name = "thread_builder"
version = "0.1.0"
